
Microsoft Visual Studio Solution File, Format Version 12.00
# Visual Studio Version 16
VisualStudioVersion = 16.0.29613.14
MinimumVisualStudioVersion = 10.0.40219.1
Project("{FAE04EC0-301F-11D3-BF4B-00C04F79EFBC}") = "MPLT", "MPLT\MPLT.csproj", "{27061D64-D32A-4B56-8C6F-5A52FD1A2473}"
EndProject
Project("{FAE04EC0-301F-11D3-BF4B-00C04F79EFBC}") = "WpfCustomControlLibrary1", "WpfCustomControlLibrary1\WpfCustomControlLibrary1.csproj", "{B6116C2E-7F49-45D3-BB96-012B4E47DFF0}"
EndProject
Project("{FAE04EC0-301F-11D3-BF4B-00C04F79EFBC}") = "SciChart_LineChart", "SciChart_LineChart\SciChart_LineChart.csproj", "{984E36A0-D1F4-4ECC-9415-0A3BE0EBF9D6}"
EndProject
Global
	GlobalSection(SolutionConfigurationPlatforms) = preSolution
		Debug|Any CPU = Debug|Any CPU
		Release|Any CPU = Release|Any CPU
	EndGlobalSection
	GlobalSection(ProjectConfigurationPlatforms) = postSolution
		{27061D64-D32A-4B56-8C6F-5A52FD1A2473}.Debug|Any CPU.ActiveCfg = Debug|Any CPU
		{27061D64-D32A-4B56-8C6F-5A52FD1A2473}.Debug|Any CPU.Build.0 = Debug|Any CPU
		{27061D64-D32A-4B56-8C6F-5A52FD1A2473}.Release|Any CPU.ActiveCfg = Release|Any CPU
		{27061D64-D32A-4B56-8C6F-5A52FD1A2473}.Release|Any CPU.Build.0 = Release|Any CPU
		{B6116C2E-7F49-45D3-BB96-012B4E47DFF0}.Debug|Any CPU.ActiveCfg = Debug|Any CPU
		{B6116C2E-7F49-45D3-BB96-012B4E47DFF0}.Debug|Any CPU.Build.0 = Debug|Any CPU
		{B6116C2E-7F49-45D3-BB96-012B4E47DFF0}.Release|Any CPU.ActiveCfg = Release|Any CPU
		{B6116C2E-7F49-45D3-BB96-012B4E47DFF0}.Release|Any CPU.Build.0 = Release|Any CPU
		{984E36A0-D1F4-4ECC-9415-0A3BE0EBF9D6}.Debug|Any CPU.ActiveCfg = Debug|Any CPU
		{984E36A0-D1F4-4ECC-9415-0A3BE0EBF9D6}.Debug|Any CPU.Build.0 = Debug|Any CPU
		{984E36A0-D1F4-4ECC-9415-0A3BE0EBF9D6}.Release|Any CPU.ActiveCfg = Release|Any CPU
		{984E36A0-D1F4-4ECC-9415-0A3BE0EBF9D6}.Release|Any CPU.Build.0 = Release|Any CPU
	EndGlobalSection
	GlobalSection(SolutionProperties) = preSolution
		HideSolutionNode = FALSE
	EndGlobalSection
	GlobalSection(ExtensibilityGlobals) = postSolution
		SolutionGuid = {BA69D066-C045-4B26-9D94-639B3A7B7E8E}
	EndGlobalSection
EndGlobal
